
Microsoft Visual Studio Solution File, Format Version 12.00
# Visual Studio Version 17
VisualStudioVersion = 17.14.36202.13 d17.14
MinimumVisualStudioVersion = 10.0.40219.1
Project("{FAE04EC0-301F-11D3-BF4B-00C04F79EFBC}") = "API", "API\API.csproj", "{32688690-2995-48A3-9649-8BE0C3B22EAC}"
EndProject
Project("{FAE04EC0-301F-11D3-BF4B-00C04F79EFBC}") = "Domain", "Domain\Domain.csproj", "{AA9EA92B-CB75-40A2-92C2-2B68F1D11AF1}"
EndProject
Project("{FAE04EC0-301F-11D3-BF4B-00C04F79EFBC}") = "Application", "Application\Application.csproj", "{1C469BC4-3DED-4C61-AD77-717BFB35346E}"
EndProject
Project("{FAE04EC0-301F-11D3-BF4B-00C04F79EFBC}") = "Infra", "Infra\Infra.csproj", "{4D05EF90-6F55-4A3E-AAF1-DBBCEE23EF9A}"
EndProject
Project("{FAE04EC0-301F-11D3-BF4B-00C04F79EFBC}") = "Services", "Services\Services.csproj", "{3C424B85-53DC-4AE6-B441-BC47D1F2E1B4}"
EndProject
Global
	GlobalSection(SolutionConfigurationPlatforms) = preSolution
		Debug|Any CPU = Debug|Any CPU
		Release|Any CPU = Release|Any CPU
	EndGlobalSection
	GlobalSection(ProjectConfigurationPlatforms) = postSolution
		{32688690-2995-48A3-9649-8BE0C3B22EAC}.Debug|Any CPU.ActiveCfg = Debug|Any CPU
		{32688690-2995-48A3-9649-8BE0C3B22EAC}.Debug|Any CPU.Build.0 = Debug|Any CPU
		{32688690-2995-48A3-9649-8BE0C3B22EAC}.Release|Any CPU.ActiveCfg = Release|Any CPU
		{32688690-2995-48A3-9649-8BE0C3B22EAC}.Release|Any CPU.Build.0 = Release|Any CPU
		{AA9EA92B-CB75-40A2-92C2-2B68F1D11AF1}.Debug|Any CPU.ActiveCfg = Debug|Any CPU
		{AA9EA92B-CB75-40A2-92C2-2B68F1D11AF1}.Debug|Any CPU.Build.0 = Debug|Any CPU
		{AA9EA92B-CB75-40A2-92C2-2B68F1D11AF1}.Release|Any CPU.ActiveCfg = Release|Any CPU
		{AA9EA92B-CB75-40A2-92C2-2B68F1D11AF1}.Release|Any CPU.Build.0 = Release|Any CPU
		{1C469BC4-3DED-4C61-AD77-717BFB35346E}.Debug|Any CPU.ActiveCfg = Debug|Any CPU
		{1C469BC4-3DED-4C61-AD77-717BFB35346E}.Debug|Any CPU.Build.0 = Debug|Any CPU
		{1C469BC4-3DED-4C61-AD77-717BFB35346E}.Release|Any CPU.ActiveCfg = Release|Any CPU
		{1C469BC4-3DED-4C61-AD77-717BFB35346E}.Release|Any CPU.Build.0 = Release|Any CPU
		{4D05EF90-6F55-4A3E-AAF1-DBBCEE23EF9A}.Debug|Any CPU.ActiveCfg = Debug|Any CPU
		{4D05EF90-6F55-4A3E-AAF1-DBBCEE23EF9A}.Debug|Any CPU.Build.0 = Debug|Any CPU
		{4D05EF90-6F55-4A3E-AAF1-DBBCEE23EF9A}.Release|Any CPU.ActiveCfg = Release|Any CPU
		{4D05EF90-6F55-4A3E-AAF1-DBBCEE23EF9A}.Release|Any CPU.Build.0 = Release|Any CPU
		{3C424B85-53DC-4AE6-B441-BC47D1F2E1B4}.Debug|Any CPU.ActiveCfg = Debug|Any CPU
		{3C424B85-53DC-4AE6-B441-BC47D1F2E1B4}.Debug|Any CPU.Build.0 = Debug|Any CPU
		{3C424B85-53DC-4AE6-B441-BC47D1F2E1B4}.Release|Any CPU.ActiveCfg = Release|Any CPU
		{3C424B85-53DC-4AE6-B441-BC47D1F2E1B4}.Release|Any CPU.Build.0 = Release|Any CPU
	EndGlobalSection
	GlobalSection(SolutionProperties) = preSolution
		HideSolutionNode = FALSE
	EndGlobalSection
	GlobalSection(ExtensibilityGlobals) = postSolution
		SolutionGuid = {2CB145E0-A582-4D63-AEDF-B7E2DC589E7A}
	EndGlobalSection
EndGlobal
